// !$*UTF8*$!
{
	archiveVersion = 1;
	classes = {
	};
	objectVersion = 56;
	objects = {

/* Begin PBXBuildFile section */
		B84E2DF42A85160100F80F53 /* cokcokApp.swift in Sources */ = {isa = PBXBuildFile; fileRef = B84E2DF32A85160100F80F53 /* cokcokApp.swift */; };
		B84E2DF62A85160100F80F53 /* ContentView.swift in Sources */ = {isa = PBXBuildFile; fileRef = B84E2DF52A85160100F80F53 /* ContentView.swift */; };
		B84E2DF82A85160400F80F53 /* Assets.xcassets in Resources */ = {isa = PBXBuildFile; fileRef = B84E2DF72A85160400F80F53 /* Assets.xcassets */; };
		B84E2DFB2A85160400F80F53 /* Preview Assets.xcassets in Resources */ = {isa = PBXBuildFile; fileRef = B84E2DFA2A85160400F80F53 /* Preview Assets.xcassets */; };
		B84E2E052A85160400F80F53 /* cokcokTests.swift in Sources */ = {isa = PBXBuildFile; fileRef = B84E2E042A85160400F80F53 /* cokcokTests.swift */; };
		B84E2E0F2A85160400F80F53 /* cokcokUITests.swift in Sources */ = {isa = PBXBuildFile; fileRef = B84E2E0E2A85160400F80F53 /* cokcokUITests.swift */; };
		B84E2E112A85160400F80F53 /* cokcokUITestsLaunchTests.swift in Sources */ = {isa = PBXBuildFile; fileRef = B84E2E102A85160400F80F53 /* cokcokUITestsLaunchTests.swift */; };
/* End PBXBuildFile section */

/* Begin PBXContainerItemProxy section */
		B84E2E012A85160400F80F53 /* PBXContainerItemProxy */ = {
			isa = PBXContainerItemProxy;
			containerPortal = B84E2DE82A85160100F80F53 /* Project object */;
			proxyType = 1;
			remoteGlobalIDString = B84E2DEF2A85160100F80F53;
			remoteInfo = cokcok;
		};
		B84E2E0B2A85160400F80F53 /* PBXContainerItemProxy */ = {
			isa = PBXContainerItemProxy;
			containerPortal = B84E2DE82A85160100F80F53 /* Project object */;
			proxyType = 1;
			remoteGlobalIDString = B84E2DEF2A85160100F80F53;
			remoteInfo = cokcok;
		};
/* End PBXContainerItemProxy section */

/* Begin PBXFileReference section */
		B84E2DF02A85160100F80F53 /* cokcok.app */ = {isa = PBXFileReference; explicitFileType = wrapper.application; includeInIndex = 0; path = cokcok.app; sourceTree = BUILT_PRODUCTS_DIR; };
		B84E2DF32A85160100F80F53 /* cokcokApp.swift */ = {isa = PBXFileReference; lastKnownFileType = sourcecode.swift; path = cokcokApp.swift; sourceTree = "<group>"; };
		B84E2DF52A85160100F80F53 /* ContentView.swift */ = {isa = PBXFileReference; lastKnownFileType = sourcecode.swift; path = ContentView.swift; sourceTree = "<group>"; };
		B84E2DF72A85160400F80F53 /* Assets.xcassets */ = {isa = PBXFileReference; lastKnownFileType = folder.assetcatalog; path = Assets.xcassets; sourceTree = "<group>"; };
		B84E2DFA2A85160400F80F53 /* Preview Assets.xcassets */ = {isa = PBXFileReference; lastKnownFileType = folder.assetcatalog; path = "Preview Assets.xcassets"; sourceTree = "<group>"; };
		B84E2E002A85160400F80F53 /* cokcokTests.xctest */ = {isa = PBXFileReference; explicitFileType = wrapper.cfbundle; includeInIndex = 0; path = cokcokTests.xctest; sourceTree = BUILT_PRODUCTS_DIR; };
		B84E2E042A85160400F80F53 /* cokcokTests.swift */ = {isa = PBXFileReference; lastKnownFileType = sourcecode.swift; path = cokcokTests.swift; sourceTree = "<group>"; };
		B84E2E0A2A85160400F80F53 /* cokcokUITests.xctest */ = {isa = PBXFileReference; explicitFileType = wrapper.cfbundle; includeInIndex = 0; path = cokcokUITests.xctest; sourceTree = BUILT_PRODUCTS_DIR; };
		B84E2E0E2A85160400F80F53 /* cokcokUITests.swift */ = {isa = PBXFileReference; lastKnownFileType = sourcecode.swift; path = cokcokUITests.swift; sourceTree = "<group>"; };
		B84E2E102A85160400F80F53 /* cokcokUITestsLaunchTests.swift */ = {isa = PBXFileReference; lastKnownFileType = sourcecode.swift; path = cokcokUITestsLaunchTests.swift; sourceTree = "<group>"; };
/* End PBXFileReference section */

/* Begin PBXFrameworksBuildPhase section */
		B84E2DED2A85160100F80F53 /* Frameworks */ = {
			isa = PBXFrameworksBuildPhase;
			buildActionMask = 2147483647;
			files = (
			);
			runOnlyForDeploymentPostprocessing = 0;
		};
		B84E2DFD2A85160400F80F53 /* Frameworks */ = {
			isa = PBXFrameworksBuildPhase;
			buildActionMask = 2147483647;
			files = (
			);
			runOnlyForDeploymentPostprocessing = 0;
		};
		B84E2E072A85160400F80F53 /* Frameworks */ = {
			isa = PBXFrameworksBuildPhase;
			buildActionMask = 2147483647;
			files = (
			);
			runOnlyForDeploymentPostprocessing = 0;
		};
/* End PBXFrameworksBuildPhase section */

/* Begin PBXGroup section */
		B84E2DE72A85160100F80F53 = {
			isa = PBXGroup;
			children = (
				B84E2DF22A85160100F80F53 /* cokcok */,
				B84E2E032A85160400F80F53 /* cokcokTests */,
				B84E2E0D2A85160400F80F53 /* cokcokUITests */,
				B84E2DF12A85160100F80F53 /* Products */,
			);
			sourceTree = "<group>";
		};
		B84E2DF12A85160100F80F53 /* Products */ = {
			isa = PBXGroup;
			children = (
				B84E2DF02A85160100F80F53 /* cokcok.app */,
				B84E2E002A85160400F80F53 /* cokcokTests.xctest */,
				B84E2E0A2A85160400F80F53 /* cokcokUITests.xctest */,
			);
			name = Products;
			sourceTree = "<group>";
		};
		B84E2DF22A85160100F80F53 /* cokcok */ = {
			isa = PBXGroup;
			children = (
				B84E2DF32A85160100F80F53 /* cokcokApp.swift */,
				B84E2DF52A85160100F80F53 /* ContentView.swift */,
				B84E2DF72A85160400F80F53 /* Assets.xcassets */,
				B84E2DF92A85160400F80F53 /* Preview Content */,
			);
			path = cokcok;
			sourceTree = "<group>";
		};
		B84E2DF92A85160400F80F53 /* Preview Content */ = {
			isa = PBXGroup;
			children = (
				B84E2DFA2A85160400F80F53 /* Preview Assets.xcassets */,
			);
			path = "Preview Content";
			sourceTree = "<group>";
		};
		B84E2E032A85160400F80F53 /* cokcokTests */ = {
			isa = PBXGroup;
			children = (
				B84E2E042A85160400F80F53 /* cokcokTests.swift */,
			);
			path = cokcokTests;
			sourceTree = "<group>";
		};
		B84E2E0D2A85160400F80F53 /* cokcokUITests */ = {
			isa = PBXGroup;
			children = (
				B84E2E0E2A85160400F80F53 /* cokcokUITests.swift */,
				B84E2E102A85160400F80F53 /* cokcokUITestsLaunchTests.swift */,
			);
			path = cokcokUITests;
			sourceTree = "<group>";
		};
/* End PBXGroup section */

/* Begin PBXNativeTarget section */
		B84E2DEF2A85160100F80F53 /* cokcok */ = {
			isa = PBXNativeTarget;
			buildConfigurationList = B84E2E142A85160400F80F53 /* Build configuration list for PBXNativeTarget "cokcok" */;
			buildPhases = (
				B84E2DEC2A85160100F80F53 /* Sources */,
				B84E2DED2A85160100F80F53 /* Frameworks */,
				B84E2DEE2A85160100F80F53 /* Resources */,
			);
			buildRules = (
			);
			dependencies = (
			);
			name = cokcok;
			productName = cokcok;
			productReference = B84E2DF02A85160100F80F53 /* cokcok.app */;
			productType = "com.apple.product-type.application";
		};
		B84E2DFF2A85160400F80F53 /* cokcokTests */ = {
			isa = PBXNativeTarget;
			buildConfigurationList = B84E2E172A85160400F80F53 /* Build configuration list for PBXNativeTarget "cokcokTests" */;
			buildPhases = (
				B84E2DFC2A85160400F80F53 /* Sources */,
				B84E2DFD2A85160400F80F53 /* Frameworks */,
				B84E2DFE2A85160400F80F53 /* Resources */,
			);
			buildRules = (
			);
			dependencies = (
				B84E2E022A85160400F80F53 /* PBXTargetDependency */,
			);
			name = cokcokTests;
			productName = cokcokTests;
			productReference = B84E2E002A85160400F80F53 /* cokcokTests.xctest */;
			productType = "com.apple.product-type.bundle.unit-test";
		};
		B84E2E092A85160400F80F53 /* cokcokUITests */ = {
			isa = PBXNativeTarget;
			buildConfigurationList = B84E2E1A2A85160400F80F53 /* Build configuration list for PBXNativeTarget "cokcokUITests" */;
			buildPhases = (
				B84E2E062A85160400F80F53 /* Sources */,
				B84E2E072A85160400F80F53 /* Frameworks */,
				B84E2E082A85160400F80F53 /* Resources */,
			);
			buildRules = (
			);
			dependencies = (
				B84E2E0C2A85160400F80F53 /* PBXTargetDependency */,
			);
			name = cokcokUITests;
			productName = cokcokUITests;
			productReference = B84E2E0A2A85160400F80F53 /* cokcokUITests.xctest */;
			productType = "com.apple.product-type.bundle.ui-testing";
		};
/* End PBXNativeTarget section */

/* Begin PBXProject section */
		B84E2DE82A85160100F80F53 /* Project object */ = {
			isa = PBXProject;
			attributes = {
				BuildIndependentTargetsInParallel = 1;
				LastSwiftUpdateCheck = 1500;
				LastUpgradeCheck = 1500;
				TargetAttributes = {
					B84E2DEF2A85160100F80F53 = {
						CreatedOnToolsVersion = 15.0;
					};
					B84E2DFF2A85160400F80F53 = {
						CreatedOnToolsVersion = 15.0;
						TestTargetID = B84E2DEF2A85160100F80F53;
					};
					B84E2E092A85160400F80F53 = {
						CreatedOnToolsVersion = 15.0;
						TestTargetID = B84E2DEF2A85160100F80F53;
					};
				};
			};
			buildConfigurationList = B84E2DEB2A85160100F80F53 /* Build configuration list for PBXProject "cokcok" */;
			compatibilityVersion = "Xcode 14.0";
			developmentRegion = en;
			hasScannedForEncodings = 0;
			knownRegions = (
				en,
				Base,
			);
			mainGroup = B84E2DE72A85160100F80F53;
			productRefGroup = B84E2DF12A85160100F80F53 /* Products */;
			projectDirPath = "";
			projectRoot = "";
			targets = (
				B84E2DEF2A85160100F80F53 /* cokcok */,
				B84E2DFF2A85160400F80F53 /* cokcokTests */,
				B84E2E092A85160400F80F53 /* cokcokUITests */,
			);
		};
/* End PBXProject section */

/* Begin PBXResourcesBuildPhase section */
		B84E2DEE2A85160100F80F53 /* Resources */ = {
			isa = PBXResourcesBuildPhase;
			buildActionMask = 2147483647;
			files = (
				B84E2DFB2A85160400F80F53 /* Preview Assets.xcassets in Resources */,
				B84E2DF82A85160400F80F53 /* Assets.xcassets in Resources */,
			);
			runOnlyForDeploymentPostprocessing = 0;
		};
		B84E2DFE2A85160400F80F53 /* Resources */ = {
			isa = PBXResourcesBuildPhase;
			buildActionMask = 2147483647;
			files = (
			);
			runOnlyForDeploymentPostprocessing = 0;
		};
		B84E2E082A85160400F80F53 /* Resources */ = {
			isa = PBXResourcesBuildPhase;
			buildActionMask = 2147483647;
			files = (
			);
			runOnlyForDeploymentPostprocessing = 0;
		};
/* End PBXResourcesBuildPhase section */

/* Begin PBXSourcesBuildPhase section */
		B84E2DEC2A85160100F80F53 /* Sources */ = {
			isa = PBXSourcesBuildPhase;
			buildActionMask = 2147483647;
			files = (
				B84E2DF62A85160100F80F53 /* ContentView.swift in Sources */,
				B84E2DF42A85160100F80F53 /* cokcokApp.swift in Sources */,
			);
			runOnlyForDeploymentPostprocessing = 0;
		};
		B84E2DFC2A85160400F80F53 /* Sources */ = {
			isa = PBXSourcesBuildPhase;
			buildActionMask = 2147483647;
			files = (
				B84E2E052A85160400F80F53 /* cokcokTests.swift in Sources */,
			);
			runOnlyForDeploymentPostprocessing = 0;
		};
		B84E2E062A85160400F80F53 /* Sources */ = {
			isa = PBXSourcesBuildPhase;
			buildActionMask = 2147483647;
			files = (
				B84E2E112A85160400F80F53 /* cokcokUITestsLaunchTests.swift in Sources */,
				B84E2E0F2A85160400F80F53 /* cokcokUITests.swift in Sources */,
			);
			runOnlyForDeploymentPostprocessing = 0;
		};
/* End PBXSourcesBuildPhase section */

/* Begin PBXTargetDependency section */
		B84E2E022A85160400F80F53 /* PBXTargetDependency */ = {
			isa = PBXTargetDependency;
			target = B84E2DEF2A85160100F80F53 /* cokcok */;
			targetProxy = B84E2E012A85160400F80F53 /* PBXContainerItemProxy */;
		};
		B84E2E0C2A85160400F80F53 /* PBXTargetDependency */ = {
			isa = PBXTargetDependency;
			target = B84E2DEF2A85160100F80F53 /* cokcok */;
			targetProxy = B84E2E0B2A85160400F80F53 /* PBXContainerItemProxy */;
		};
/* End PBXTargetDependency section */

/* Begin XCBuildConfiguration section */
		B84E2E122A85160400F80F53 /* Debug */ = {
			isa = XCBuildConfiguration;
			buildSettings = {
				ALWAYS_SEARCH_USER_PATHS = NO;
				ASSETCATALOG_COMPILER_GENERATE_SWIFT_ASSET_SYMBOL_EXTENSIONS = YES;
				CLANG_ANALYZER_NONNULL = YES;
				CLANG_ANALYZER_NUMBER_OBJECT_CONVERSION = YES_AGGRESSIVE;
				CLANG_CXX_LANGUAGE_STANDARD = "gnu++20";
				CLANG_ENABLE_MODULES = YES;
				CLANG_ENABLE_OBJC_ARC = YES;
				CLANG_ENABLE_OBJC_WEAK = YES;
				CLANG_WARN_BLOCK_CAPTURE_AUTORELEASING = YES;
				CLANG_WARN_BOOL_CONVERSION = YES;
				CLANG_WARN_COMMA = YES;
				CLANG_WARN_CONSTANT_CONVERSION = YES;
				CLANG_WARN_DEPRECATED_OBJC_IMPLEMENTATIONS = YES;
				CLANG_WARN_DIRECT_OBJC_ISA_USAGE = YES_ERROR;
				CLANG_WARN_DOCUMENTATION_COMMENTS = YES;
				CLANG_WARN_EMPTY_BODY = YES;
				CLANG_WARN_ENUM_CONVERSION = YES;
				CLANG_WARN_INFINITE_RECURSION = YES;
				CLANG_WARN_INT_CONVERSION = YES;
				CLANG_WARN_NON_LITERAL_NULL_CONVERSION = YES;
				CLANG_WARN_OBJC_IMPLICIT_RETAIN_SELF = YES;
				CLANG_WARN_OBJC_LITERAL_CONVERSION = YES;
				CLANG_WARN_OBJC_ROOT_CLASS = YES_ERROR;
				CLANG_WARN_QUOTED_INCLUDE_IN_FRAMEWORK_HEADER = YES;
				CLANG_WARN_RANGE_LOOP_ANALYSIS = YES;
				CLANG_WARN_STRICT_PROTOTYPES = YES;
				CLANG_WARN_SUSPICIOUS_MOVE = YES;
				CLANG_WARN_UNGUARDED_AVAILABILITY = YES_AGGRESSIVE;
				CLANG_WARN_UNREACHABLE_CODE = YES;
				CLANG_WARN__DUPLICATE_METHOD_MATCH = YES;
				COPY_PHASE_STRIP = NO;
				DEBUG_INFORMATION_FORMAT = dwarf;
				ENABLE_STRICT_OBJC_MSGSEND = YES;
				ENABLE_TESTABILITY = YES;
				ENABLE_USER_SCRIPT_SANDBOXING = YES;
				GCC_C_LANGUAGE_STANDARD = gnu17;
				GCC_DYNAMIC_NO_PIC = NO;
				GCC_NO_COMMON_BLOCKS = YES;
				GCC_OPTIMIZATION_LEVEL = 0;
				GCC_PREPROCESSOR_DEFINITIONS = (
					"DEBUG=1",
					"$(inherited)",
				);
				GCC_WARN_64_TO_32_BIT_CONVERSION = YES;
				GCC_WARN_ABOUT_RETURN_TYPE = YES_ERROR;
				GCC_WARN_UNDECLARED_SELECTOR = YES;
				GCC_WARN_UNINITIALIZED_AUTOS = YES_AGGRESSIVE;
				GCC_WARN_UNUSED_FUNCTION = YES;
				GCC_WARN_UNUSED_VARIABLE = YES;
				IPHONEOS_DEPLOYMENT_TARGET = 17.0;
				LOCALIZATION_PREFERS_STRING_CATALOGS = YES;
				MTL_ENABLE_DEBUG_INFO = INCLUDE_SOURCE;
				MTL_FAST_MATH = YES;
				ONLY_ACTIVE_ARCH = YES;
				SDKROOT = iphoneos;
				SWIFT_ACTIVE_COMPILATION_CONDITIONS = "DEBUG $(inherited)";
				SWIFT_OPTIMIZATION_LEVEL = "-Onone";
			};
			name = Debug;
		};
		B84E2E132A85160400F80F53 /* Release */ = {
			isa = XCBuildConfiguration;
			buildSettings = {
				ALWAYS_SEARCH_USER_PATHS = NO;
				ASSETCATALOG_COMPILER_GENERATE_SWIFT_ASSET_SYMBOL_EXTENSIONS = YES;
				CLANG_ANALYZER_NONNULL = YES;
				CLANG_ANALYZER_NUMBER_OBJECT_CONVERSION = YES_AGGRESSIVE;
				CLANG_CXX_LANGUAGE_STANDARD = "gnu++20";
				CLANG_ENABLE_MODULES = YES;
				CLANG_ENABLE_OBJC_ARC = YES;
				CLANG_ENABLE_OBJC_WEAK = YES;
				CLANG_WARN_BLOCK_CAPTURE_AUTORELEASING = YES;
				CLANG_WARN_BOOL_CONVERSION = YES;
				CLANG_WARN_COMMA = YES;
				CLANG_WARN_CONSTANT_CONVERSION = YES;
				CLANG_WARN_DEPRECATED_OBJC_IMPLEMENTATIONS = YES;
				CLANG_WARN_DIRECT_OBJC_ISA_USAGE = YES_ERROR;
				CLANG_WARN_DOCUMENTATION_COMMENTS = YES;
				CLANG_WARN_EMPTY_BODY = YES;
				CLANG_WARN_ENUM_CONVERSION = YES;
				CLANG_WARN_INFINITE_RECURSION = YES;
				CLANG_WARN_INT_CONVERSION = YES;
				CLANG_WARN_NON_LITERAL_NULL_CONVERSION = YES;
				CLANG_WARN_OBJC_IMPLICIT_RETAIN_SELF = YES;
				CLANG_WARN_OBJC_LITERAL_CONVERSION = YES;
				CLANG_WARN_OBJC_ROOT_CLASS = YES_ERROR;
				CLANG_WARN_QUOTED_INCLUDE_IN_FRAMEWORK_HEADER = YES;
				CLANG_WARN_RANGE_LOOP_ANALYSIS = YES;
				CLANG_WARN_STRICT_PROTOTYPES = YES;
				CLANG_WARN_SUSPICIOUS_MOVE = YES;
				CLANG_WARN_UNGUARDED_AVAILABILITY = YES_AGGRESSIVE;
				CLANG_WARN_UNREACHABLE_CODE = YES;
				CLANG_WARN__DUPLICATE_METHOD_MATCH = YES;
				COPY_PHASE_STRIP = NO;
				DEBUG_INFORMATION_FORMAT = "dwarf-with-dsym";
				ENABLE_NS_ASSERTIONS = NO;
				ENABLE_STRICT_OBJC_MSGSEND = YES;
				ENABLE_USER_SCRIPT_SANDBOXING = YES;
				GCC_C_LANGUAGE_STANDARD = gnu17;
				GCC_NO_COMMON_BLOCKS = YES;
				GCC_WARN_64_TO_32_BIT_CONVERSION = YES;
				GCC_WARN_ABOUT_RETURN_TYPE = YES_ERROR;
				GCC_WARN_UNDECLARED_SELECTOR = YES;
				GCC_WARN_UNINITIALIZED_AUTOS = YES_AGGRESSIVE;
				GCC_WARN_UNUSED_FUNCTION = YES;
				GCC_WARN_UNUSED_VARIABLE = YES;
				IPHONEOS_DEPLOYMENT_TARGET = 17.0;
				LOCALIZATION_PREFERS_STRING_CATALOGS = YES;
				MTL_ENABLE_DEBUG_INFO = NO;
				MTL_FAST_MATH = YES;
				SDKROOT = iphoneos;
				SWIFT_COMPILATION_MODE = wholemodule;
				VALIDATE_PRODUCT = YES;
			};
			name = Release;
		};
		B84E2E152A85160400F80F53 /* Debug */ = {
			isa = XCBuildConfiguration;
			buildSettings = {
				ASSETCATALOG_COMPILER_APPICON_NAME = AppIcon;
				ASSETCATALOG_COMPILER_GLOBAL_ACCENT_COLOR_NAME = AccentColor;
				CODE_SIGN_STYLE = Automatic;
				CURRENT_PROJECT_VERSION = 1;
				DEVELOPMENT_ASSET_PATHS = "\"cokcok/Preview Content\"";
				DEVELOPMENT_TEAM = XQ4N3Y5X6L;
				ENABLE_PREVIEWS = YES;
				GENERATE_INFOPLIST_FILE = YES;
				INFOPLIST_KEY_UIApplicationSceneManifest_Generation = YES;
				INFOPLIST_KEY_UIApplicationSupportsIndirectInputEvents = YES;
				INFOPLIST_KEY_UILaunchScreen_Generation = YES;
				INFOPLIST_KEY_UISupportedInterfaceOrientations_iPad = "UIInterfaceOrientationPortrait UIInterfaceOrientationPortraitUpsideDown UIInterfaceOrientationLandscapeLeft UIInterfaceOrientationLandscapeRight";
				INFOPLIST_KEY_UISupportedInterfaceOrientations_iPhone = "UIInterfaceOrientationPortrait UIInterfaceOrientationLandscapeLeft UIInterfaceOrientationLandscapeRight";
				LD_RUNPATH_SEARCH_PATHS = (
					"$(inherited)",
					"@executable_path/Frameworks",
				);
				MARKETING_VERSION = 1.0;
				PRODUCT_BUNDLE_IDENTIFIER = wldnd9904.uos.cokcok;
				PRODUCT_NAME = "$(TARGET_NAME)";
				SWIFT_EMIT_LOC_STRINGS = YES;
				SWIFT_VERSION = 5.0;
				TARGETED_DEVICE_FAMILY = "1,2";
			};
			name = Debug;
		};
		B84E2E162A85160400F80F53 /* Release */ = {
			isa = XCBuildConfiguration;
			buildSettings = {
				ASSETCATALOG_COMPILER_APPICON_NAME = AppIcon;
				ASSETCATALOG_COMPILER_GLOBAL_ACCENT_COLOR_NAME = AccentColor;
				CODE_SIGN_STYLE = Automatic;
				CURRENT_PROJECT_VERSION = 1;
				DEVELOPMENT_ASSET_PATHS = "\"cokcok/Preview Content\"";
				DEVELOPMENT_TEAM = XQ4N3Y5X6L;
				ENABLE_PREVIEWS = YES;
				GENERATE_INFOPLIST_FILE = YES;
				INFOPLIST_KEY_UIApplicationSceneManifest_Generation = YES;
				INFOPLIST_KEY_UIApplicationSupportsIndirectInputEvents = YES;
				INFOPLIST_KEY_UILaunchScreen_Generation = YES;
				INFOPLIST_KEY_UISupportedInterfaceOrientations_iPad = "UIInterfaceOrientationPortrait UIInterfaceOrientationPortraitUpsideDown UIInterfaceOrientationLandscapeLeft UIInterfaceOrientationLandscapeRight";
				INFOPLIST_KEY_UISupportedInterfaceOrientations_iPhone = "UIInterfaceOrientationPortrait UIInterfaceOrientationLandscapeLeft UIInterfaceOrientationLandscapeRight";
				LD_RUNPATH_SEARCH_PATHS = (
					"$(inherited)",
					"@executable_path/Frameworks",
				);
				MARKETING_VERSION = 1.0;
				PRODUCT_BUNDLE_IDENTIFIER = wldnd9904.uos.cokcok;
				PRODUCT_NAME = "$(TARGET_NAME)";
				SWIFT_EMIT_LOC_STRINGS = YES;
				SWIFT_VERSION = 5.0;
				TARGETED_DEVICE_FAMILY = "1,2";
			};
			name = Release;
		};
		B84E2E182A85160400F80F53 /* Debug */ = {
			isa = XCBuildConfiguration;
			buildSettings = {
				ALWAYS_EMBED_SWIFT_STANDARD_LIBRARIES = YES;
				BUNDLE_LOADER = "$(TEST_HOST)";
				CODE_SIGN_STYLE = Automatic;
				CURRENT_PROJECT_VERSION = 1;
				DEVELOPMENT_TEAM = XQ4N3Y5X6L;
				GENERATE_INFOPLIST_FILE = YES;
				IPHONEOS_DEPLOYMENT_TARGET = 17.0;
				MARKETING_VERSION = 1.0;
				PRODUCT_BUNDLE_IDENTIFIER = wldnd9904.uos.cokcokTests;
				PRODUCT_NAME = "$(TARGET_NAME)";
				SWIFT_EMIT_LOC_STRINGS = NO;
				SWIFT_VERSION = 5.0;
				TARGETED_DEVICE_FAMILY = "1,2";
				TEST_HOST = "$(BUILT_PRODUCTS_DIR)/cokcok.app/$(BUNDLE_EXECUTABLE_FOLDER_PATH)/cokcok";
			};
			name = Debug;
		};
		B84E2E192A85160400F80F53 /* Release */ = {
			isa = XCBuildConfiguration;
			buildSettings = {
				ALWAYS_EMBED_SWIFT_STANDARD_LIBRARIES = YES;
				BUNDLE_LOADER = "$(TEST_HOST)";
				CODE_SIGN_STYLE = Automatic;
				CURRENT_PROJECT_VERSION = 1;
				DEVELOPMENT_TEAM = XQ4N3Y5X6L;
				GENERATE_INFOPLIST_FILE = YES;
				IPHONEOS_DEPLOYMENT_TARGET = 17.0;
				MARKETING_VERSION = 1.0;
				PRODUCT_BUNDLE_IDENTIFIER = wldnd9904.uos.cokcokTests;
				PRODUCT_NAME = "$(TARGET_NAME)";
				SWIFT_EMIT_LOC_STRINGS = NO;
				SWIFT_VERSION = 5.0;
				TARGETED_DEVICE_FAMILY = "1,2";
				TEST_HOST = "$(BUILT_PRODUCTS_DIR)/cokcok.app/$(BUNDLE_EXECUTABLE_FOLDER_PATH)/cokcok";
			};
			name = Release;
		};
		B84E2E1B2A85160400F80F53 /* Debug */ = {
			isa = XCBuildConfiguration;
			buildSettings = {
				ALWAYS_EMBED_SWIFT_STANDARD_LIBRARIES = YES;
				CODE_SIGN_STYLE = Automatic;
				CURRENT_PROJECT_VERSION = 1;
				DEVELOPMENT_TEAM = XQ4N3Y5X6L;
				GENERATE_INFOPLIST_FILE = YES;
				MARKETING_VERSION = 1.0;
				PRODUCT_BUNDLE_IDENTIFIER = wldnd9904.uos.cokcokUITests;
				PRODUCT_NAME = "$(TARGET_NAME)";
				SWIFT_EMIT_LOC_STRINGS = NO;
				SWIFT_VERSION = 5.0;
				TARGETED_DEVICE_FAMILY = "1,2";
				TEST_TARGET_NAME = cokcok;
			};
			name = Debug;
		};
		B84E2E1C2A85160400F80F53 /* Release */ = {
			isa = XCBuildConfiguration;
			buildSettings = {
				ALWAYS_EMBED_SWIFT_STANDARD_LIBRARIES = YES;
				CODE_SIGN_STYLE = Automatic;
				CURRENT_PROJECT_VERSION = 1;
				DEVELOPMENT_TEAM = XQ4N3Y5X6L;
				GENERATE_INFOPLIST_FILE = YES;
				MARKETING_VERSION = 1.0;
				PRODUCT_BUNDLE_IDENTIFIER = wldnd9904.uos.cokcokUITests;
				PRODUCT_NAME = "$(TARGET_NAME)";
				SWIFT_EMIT_LOC_STRINGS = NO;
				SWIFT_VERSION = 5.0;
				TARGETED_DEVICE_FAMILY = "1,2";
				TEST_TARGET_NAME = cokcok;
			};
			name = Release;
		};
/* End XCBuildConfiguration section */

/* Begin XCConfigurationList section */
		B84E2DEB2A85160100F80F53 /* Build configuration list for PBXProject "cokcok" */ = {
			isa = XCConfigurationList;
			buildConfigurations = (
				B84E2E122A85160400F80F53 /* Debug */,
				B84E2E132A85160400F80F53 /* Release */,
			);
			defaultConfigurationIsVisible = 0;
			defaultConfigurationName = Release;
		};
		B84E2E142A85160400F80F53 /* Build configuration list for PBXNativeTarget "cokcok" */ = {
			isa = XCConfigurationList;
			buildConfigurations = (
				B84E2E152A85160400F80F53 /* Debug */,
				B84E2E162A85160400F80F53 /* Release */,
			);
			defaultConfigurationIsVisible = 0;
			defaultConfigurationName = Release;
		};
		B84E2E172A85160400F80F53 /* Build configuration list for PBXNativeTarget "cokcokTests" */ = {
			isa = XCConfigurationList;
			buildConfigurations = (
				B84E2E182A85160400F80F53 /* Debug */,
				B84E2E192A85160400F80F53 /* Release */,
			);
			defaultConfigurationIsVisible = 0;
			defaultConfigurationName = Release;
		};
		B84E2E1A2A85160400F80F53 /* Build configuration list for PBXNativeTarget "cokcokUITests" */ = {
			isa = XCConfigurationList;
			buildConfigurations = (
				B84E2E1B2A85160400F80F53 /* Debug */,
				B84E2E1C2A85160400F80F53 /* Release */,
			);
			defaultConfigurationIsVisible = 0;
			defaultConfigurationName = Release;
		};
/* End XCConfigurationList section */
	};
	rootObject = B84E2DE82A85160100F80F53 /* Project object */;
}
